{
  "name": "eslint-config-yxfe",
  "version": "1.0.43",
  "lockfileVersion": 1,
  "requires": true,
  "dependencies": {
    "acorn": {
      "version": "5.1.2",
      "resolved": "http://nexus.yixincapital.com/repository/npm-group/acorn/-/acorn-5.1.2.tgz",
      "integrity": "sha512-o96FZLJBPY1lvTuJylGA9Bk3t/GKPPJG8H0ydQQl01crzwJgspa4AEIq/pVTXigmK0PHVQhiAtn8WMBLL9D2WA=="
    },
    "acorn-jsx": {
      "version": "3.0.1",
      "resolved": "http://nexus.yixincapital.com/repository/npm-group/acorn-jsx/-/acorn-jsx-3.0.1.tgz",
      "integrity": "sha1-r9+UiPsezvyDSPb7IvRk4ypYs2s=",
      "requires": {
        "acorn": "3.3.0"
      },
      "dependencies": {
        "acorn": {
          "version": "3.3.0",
          "resolved": "http://nexus.yixincapital.com/repository/npm-group/acorn/-/acorn-3.3.0.tgz",
          "integrity": "sha1-ReN/s56No/JbruP/U2niu18iAXo="
        }
      }
    },
    "core-util-is": {
      "version": "1.0.2",
      "resolved": "http://nexus.yixincapital.com/repository/npm-group/core-util-is/-/core-util-is-1.0.2.tgz",
      "integrity": "sha1-tf1UIgqivFq1eqtxQMlAdUUDwac="
    },
    "debug": {
      "version": "3.0.1",
      "resolved": "http://nexus.yixincapital.com/repository/npm-group/debug/-/debug-3.0.1.tgz",
      "integrity": "sha512-6nVc6S36qbt/mutyt+UGMnawAMrPDZUPQjRZI3FS9tCtDRhvxJbK79unYBLPi+z5SLXQ3ftoVBFCblQtNSls8w==",
      "requires": {
        "ms": "2.0.0"
      }
    },
    "dom-serializer": {
      "version": "0.1.0",
      "resolved": "http://nexus.yixincapital.com/repository/npm-group/dom-serializer/-/dom-serializer-0.1.0.tgz",
      "integrity": "sha1-BzxpdUbOB4DOI75KKOKT5AvDDII=",
      "requires": {
        "domelementtype": "1.1.3",
        "entities": "1.1.1"
      },
      "dependencies": {
        "domelementtype": {
          "version": "1.1.3",
          "resolved": "http://nexus.yixincapital.com/repository/npm-group/domelementtype/-/domelementtype-1.1.3.tgz",
          "integrity": "sha1-vSh3PiZCiBrsUVRJJCmcXNgiGFs="
        }
      }
    },
    "domelementtype": {
      "version": "1.3.0",
      "resolved": "http://nexus.yixincapital.com/repository/npm-group/domelementtype/-/domelementtype-1.3.0.tgz",
      "integrity": "sha1-sXrtguirWeUt2cGbF1bg/BhyBMI="
    },
    "domhandler": {
      "version": "2.4.1",
      "resolved": "http://nexus.yixincapital.com/repository/npm-group/domhandler/-/domhandler-2.4.1.tgz",
      "integrity": "sha1-iS5HAAqZvlW783dP/qBWHYh5wlk=",
      "requires": {
        "domelementtype": "1.3.0"
      }
    },
    "domutils": {
      "version": "1.6.2",
      "resolved": "http://nexus.yixincapital.com/repository/npm-group/domutils/-/domutils-1.6.2.tgz",
      "integrity": "sha1-GVjMC0yUJuntNn+xyOhUiRsPo/8=",
      "requires": {
        "dom-serializer": "0.1.0",
        "domelementtype": "1.3.0"
      }
    },
    "entities": {
      "version": "1.1.1",
      "resolved": "http://nexus.yixincapital.com/repository/npm-group/entities/-/entities-1.1.1.tgz",
      "integrity": "sha1-blwtClYhtdra7O+AuQ7ftc13cvA="
    },
    "eslint-plugin-html": {
      "version": "3.2.1",
      "resolved": "http://nexus.yixincapital.com/repository/npm-group/eslint-plugin-html/-/eslint-plugin-html-3.2.1.tgz",
      "integrity": "sha512-zxcArJx7QTqE0Stm5BMpk1cuYwOxLecqKMqEYabRcvqImDrjcRdQVdXT5RtqFHdH1aVD2akzHe+/Q5Wou6Jvaw==",
      "requires": {
        "htmlparser2": "3.9.2",
        "semver": "5.4.1"
      }
    },
    "eslint-plugin-vue": {
      "version": "3.13.0",
      "resolved": "http://nexus.yixincapital.com/repository/npm-group/eslint-plugin-vue/-/eslint-plugin-vue-3.13.0.tgz",
      "integrity": "sha512-GkObr5XYazbJuegftMHJFfhq0h4lGBcFBUI53hGhlmQb/Ajju5b+6pL8+hU7qSUF29Tv0KgEQkOmGkO9Y+VHIg==",
      "requires": {
        "requireindex": "1.1.0",
        "vue-eslint-parser": "2.0.1-beta.1"
      }
    },
    "eslint-scope": {
      "version": "3.7.1",
      "resolved": "http://nexus.yixincapital.com/repository/npm-group/eslint-scope/-/eslint-scope-3.7.1.tgz",
      "integrity": "sha1-PWPD7f2gLgbgGkUq2IyqzHzctug=",
      "requires": {
        "esrecurse": "4.2.0",
        "estraverse": "4.2.0"
      }
    },
    "espree": {
      "version": "3.5.0",
      "resolved": "http://nexus.yixincapital.com/repository/npm-group/espree/-/espree-3.5.0.tgz",
      "integrity": "sha1-mDWGJb3QVYYeon4oZ+pyn69GPY0=",
      "requires": {
        "acorn": "5.1.2",
        "acorn-jsx": "3.0.1"
      }
    },
    "esquery": {
      "version": "1.0.0",
      "resolved": "http://nexus.yixincapital.com/repository/npm-group/esquery/-/esquery-1.0.0.tgz",
      "integrity": "sha1-z7qLV9f7qT8XKYqKAGoEzaE9gPo=",
      "requires": {
        "estraverse": "4.2.0"
      }
    },
    "esrecurse": {
      "version": "4.2.0",
      "resolved": "http://nexus.yixincapital.com/repository/npm-group/esrecurse/-/esrecurse-4.2.0.tgz",
      "integrity": "sha1-+pVo2Y04I/mkHZHpAtyrnqblsWM=",
      "requires": {
        "estraverse": "4.2.0",
        "object-assign": "4.1.1"
      }
    },
    "estraverse": {
      "version": "4.2.0",
      "resolved": "http://nexus.yixincapital.com/repository/npm-group/estraverse/-/estraverse-4.2.0.tgz",
      "integrity": "sha1-De4/7TH81GlhjOc0IJn8GvoL2xM="
    },
    "htmlparser2": {
      "version": "3.9.2",
      "resolved": "http://nexus.yixincapital.com/repository/npm-group/htmlparser2/-/htmlparser2-3.9.2.tgz",
      "integrity": "sha1-G9+HrMoPP55T+k/M6w9LTLsAszg=",
      "requires": {
        "domelementtype": "1.3.0",
        "domhandler": "2.4.1",
        "domutils": "1.6.2",
        "entities": "1.1.1",
        "inherits": "2.0.3",
        "readable-stream": "2.3.3"
      }
    },
    "inherits": {
      "version": "2.0.3",
      "resolved": "http://nexus.yixincapital.com/repository/npm-group/inherits/-/inherits-2.0.3.tgz",
      "integrity": "sha1-Yzwsg+PaQqUC9SRmAiSA9CCCYd4="
    },
    "isarray": {
      "version": "1.0.0",
      "resolved": "http://nexus.yixincapital.com/repository/npm-group/isarray/-/isarray-1.0.0.tgz",
      "integrity": "sha1-u5NdSFgsuhaMBoNJV6VKPgcSTxE="
    },
    "lodash": {
      "version": "4.17.4",
      "resolved": "http://nexus.yixincapital.com/repository/npm-group/lodash/-/lodash-4.17.4.tgz",
      "integrity": "sha1-eCA6TRwyiuHYbcpkYONptX9AVa4="
    },
    "ms": {
      "version": "2.0.0",
      "resolved": "http://nexus.yixincapital.com/repository/npm-group/ms/-/ms-2.0.0.tgz",
      "integrity": "sha1-VgiurfwAvmwpAd9fmGF4jeDVl8g="
    },
    "object-assign": {
      "version": "4.1.1",
      "resolved": "http://nexus.yixincapital.com/repository/npm-group/object-assign/-/object-assign-4.1.1.tgz",
      "integrity": "sha1-IQmtx5ZYh8/AXLvUQsrIv7s2CGM="
    },
    "process-nextick-args": {
      "version": "1.0.7",
      "resolved": "http://nexus.yixincapital.com/repository/npm-group/process-nextick-args/-/process-nextick-args-1.0.7.tgz",
      "integrity": "sha1-FQ4gt1ZZCtP5EJPyWk8q2L/zC6M="
    },
    "readable-stream": {
      "version": "2.3.3",
      "resolved": "http://nexus.yixincapital.com/repository/npm-group/readable-stream/-/readable-stream-2.3.3.tgz",
      "integrity": "sha512-m+qzzcn7KUxEmd1gMbchF+Y2eIUbieUaxkWtptyHywrX0rE8QEYqPC07Vuy4Wm32/xE16NcdBctb8S0Xe/5IeQ==",
      "requires": {
        "core-util-is": "1.0.2",
        "inherits": "2.0.3",
        "isarray": "1.0.0",
        "process-nextick-args": "1.0.7",
        "safe-buffer": "5.1.1",
        "string_decoder": "1.0.3",
        "util-deprecate": "1.0.2"
      }
    },
    "requireindex": {
      "version": "1.1.0",
      "resolved": "http://nexus.yixincapital.com/repository/npm-group/requireindex/-/requireindex-1.1.0.tgz",
      "integrity": "sha1-5UBLgVV+91225JxacgBIk/4D4WI="
    },
    "safe-buffer": {
      "version": "5.1.1",
      "resolved": "http://nexus.yixincapital.com/repository/npm-group/safe-buffer/-/safe-buffer-5.1.1.tgz",
      "integrity": "sha512-kKvNJn6Mm93gAczWVJg7wH+wGYWNrDHdWvpUmHyEsgCtIwwo3bqPtV4tR5tuPaUhTOo/kvhVwd8XwwOllGYkbg=="
    },
    "semver": {
      "version": "5.4.1",
      "resolved": "http://nexus.yixincapital.com/repository/npm-group/semver/-/semver-5.4.1.tgz",
      "integrity": "sha512-WfG/X9+oATh81XtllIo/I8gOiY9EXRdv1cQdyykeXK17YcUW3EXUAi2To4pcH6nZtJPr7ZOpM5OMyWJZm+8Rsg=="
    },
    "string_decoder": {
      "version": "1.0.3",
      "resolved": "http://nexus.yixincapital.com/repository/npm-group/string_decoder/-/string_decoder-1.0.3.tgz",
      "integrity": "sha512-4AH6Z5fzNNBcH+6XDMfA/BTt87skxqJlO0lAh3Dker5zThcAxG6mKz+iGu308UKoPPQ8Dcqx/4JhujzltRa+hQ==",
      "requires": {
        "safe-buffer": "5.1.1"
      }
    },
    "util-deprecate": {
      "version": "1.0.2",
      "resolved": "http://nexus.yixincapital.com/repository/npm-group/util-deprecate/-/util-deprecate-1.0.2.tgz",
      "integrity": "sha1-RQ1Nyfpw3nMnYvvS1KKJgUGaDM8="
    },
    "vue-eslint-parser": {
      "version": "2.0.1-beta.1",
      "resolved": "http://nexus.yixincapital.com/repository/npm-group/vue-eslint-parser/-/vue-eslint-parser-2.0.1-beta.1.tgz",
      "integrity": "sha512-VjbDnSaHM/bFafktgIadCC7AyFXEv3ImBfLYhGZe90TPQVOWLs6xijCcvaADofiFqCnJom6fftAYufdBwr6KVw==",
      "requires": {
        "debug": "3.0.1",
        "eslint-scope": "3.7.1",
        "espree": "3.5.0",
        "esquery": "1.0.0",
        "lodash": "4.17.4"
      }
    }
  }
}
